
Microsoft Visual Studio Solution File, Format Version 12.00
# Visual Studio Version 17
VisualStudioVersion = 17.0.31903.59
MinimumVisualStudioVersion = 10.0.40219.1
Project("{2150E333-8FDC-42A3-9474-1A3956D46DE8}") = "BuildingBlocks", "BuildingBlocks", "{7266C4A9-E384-DC00-0EB6-47F6002CFBA7}"
EndProject
Project("{FAE04EC0-301F-11D3-BF4B-00C04F79EFBC}") = "TravelBooking.Common", "src\BuildingBlocks\TravelBooking.Common\TravelBooking.Common.csproj", "{02863642-9DA5-49C5-B4B5-9DEDAC53FD2A}"
EndProject
Project("{FAE04EC0-301F-11D3-BF4B-00C04F79EFBC}") = "TravelBooking.Infrastructure", "src\BuildingBlocks\TravelBooking.Infrastructure\TravelBooking.Infrastructure.csproj", "{7A880CAC-0163-458A-B82F-AA80E3AA490F}"
EndProject
Project("{2150E333-8FDC-42A3-9474-1A3956D46DE8}") = "Services", "Services", "{5854FF58-B8C5-05C6-5BF2-ACE42193F22B}"
EndProject
Project("{FAE04EC0-301F-11D3-BF4B-00C04F79EFBC}") = "Booking.Orchestrator", "src\Services\Booking.Orchestrator\Booking.Orchestrator.csproj", "{8880F433-2688-4FBE-BCFD-C69BA8E853F9}"
EndProject
Project("{FAE04EC0-301F-11D3-BF4B-00C04F79EFBC}") = "Flight.Service", "src\Services\Flight.Service\Flight.Service.csproj", "{11DECB23-E3AE-49BC-B52D-8365619DCCF0}"
EndProject
Project("{FAE04EC0-301F-11D3-BF4B-00C04F79EFBC}") = "CarRental.Service", "src\Services\CarRental.Service\CarRental.Service.csproj", "{E5D36F66-824F-436F-8F2F-13AB65B67B0C}"
EndProject
Project("{FAE04EC0-301F-11D3-BF4B-00C04F79EFBC}") = "Hotel.Service", "src\Services\Hotel.Service\Hotel.Service.csproj", "{7C09B2CE-23B1-4478-8A8F-A1C551426093}"
EndProject
Project("{FAE04EC0-301F-11D3-BF4B-00C04F79EFBC}") = "Payment.Service", "src\Services\Payment.Service\Payment.Service.csproj", "{5854D9E4-0DE5-4551-9B88-73AE3FA4E936}"
EndProject
Project("{FAE04EC0-301F-11D3-BF4B-00C04F79EFBC}") = "Notification.Service", "src\Services\Notification.Service\Notification.Service.csproj", "{4754E4A2-9AA0-4FC5-9E78-D145D82BD3BE}"
EndProject
Project("{2150E333-8FDC-42A3-9474-1A3956D46DE8}") = "Gateway", "Gateway", "{E7BDDBC6-9FD1-D1D7-ACD8-2C4F8E3D2461}"
EndProject
Project("{FAE04EC0-301F-11D3-BF4B-00C04F79EFBC}") = "ApiGateway", "src\Gateway\ApiGateway\ApiGateway.csproj", "{B1785D6C-F57B-49A5-BE05-D459F1EA7163}"
EndProject
Project("{2150E333-8FDC-42A3-9474-1A3956D46DE8}") = "Tests", "Tests", "{0AB3BF05-4346-4AA6-1389-037BE0695223}"
EndProject
Project("{2150E333-8FDC-42A3-9474-1A3956D46DE8}") = "UnitTests", "UnitTests", "{394A81D9-3C45-9818-BB26-23F2B85056FF}"
EndProject
Project("{FAE04EC0-301F-11D3-BF4B-00C04F79EFBC}") = "Booking.Orchestrator.UnitTests", "tests\UnitTests\Booking.Orchestrator.UnitTests\Booking.Orchestrator.UnitTests.csproj", "{2C335060-70DC-473C-8D71-204CB750A2F0}"
EndProject
Project("{FAE04EC0-301F-11D3-BF4B-00C04F79EFBC}") = "Flight.Service.UnitTests", "tests\UnitTests\Flight.Service.UnitTests\Flight.Service.UnitTests.csproj", "{43837109-3F4A-4EC4-8A4A-15C279C50600}"
EndProject
Project("{FAE04EC0-301F-11D3-BF4B-00C04F79EFBC}") = "CarRental.Service.UnitTests", "tests\UnitTests\CarRental.Service.UnitTests\CarRental.Service.UnitTests.csproj", "{EDA91A1E-9BD1-45D9-AB6C-20D68F07A957}"
EndProject
Project("{FAE04EC0-301F-11D3-BF4B-00C04F79EFBC}") = "Hotel.Service.UnitTests", "tests\UnitTests\Hotel.Service.UnitTests\Hotel.Service.UnitTests.csproj", "{58540967-D712-4CB1-A484-8DD629227EAA}"
EndProject
Project("{FAE04EC0-301F-11D3-BF4B-00C04F79EFBC}") = "Payment.Service.UnitTests", "tests\UnitTests\Payment.Service.UnitTests\Payment.Service.UnitTests.csproj", "{AA6F845F-7B67-448D-9FFE-2B272B66D32E}"
EndProject
Project("{FAE04EC0-301F-11D3-BF4B-00C04F79EFBC}") = "Notification.Service.UnitTests", "tests\UnitTests\Notification.Service.UnitTests\Notification.Service.UnitTests.csproj", "{01D06A5F-FAB0-42E4-BA06-2AA97F8B2CA7}"
EndProject
Project("{2150E333-8FDC-42A3-9474-1A3956D46DE8}") = "IntegrationTests", "IntegrationTests", "{30785934-E017-5D9F-2777-3D61460A5281}"
EndProject
Project("{FAE04EC0-301F-11D3-BF4B-00C04F79EFBC}") = "Saga.IntegrationTests", "tests\IntegrationTests\Saga.IntegrationTests\Saga.IntegrationTests.csproj", "{F611B413-7B04-442F-B19C-7FB44A7C063E}"
EndProject
Global
	GlobalSection(SolutionConfigurationPlatforms) = preSolution
		Debug|Any CPU = Debug|Any CPU
		Debug|x64 = Debug|x64
		Debug|x86 = Debug|x86
		Release|Any CPU = Release|Any CPU
		Release|x64 = Release|x64
		Release|x86 = Release|x86
	EndGlobalSection
	GlobalSection(ProjectConfigurationPlatforms) = postSolution
		{02863642-9DA5-49C5-B4B5-9DEDAC53FD2A}.Debug|Any CPU.ActiveCfg = Debug|Any CPU
		{02863642-9DA5-49C5-B4B5-9DEDAC53FD2A}.Debug|Any CPU.Build.0 = Debug|Any CPU
		{02863642-9DA5-49C5-B4B5-9DEDAC53FD2A}.Debug|x64.ActiveCfg = Debug|Any CPU
		{02863642-9DA5-49C5-B4B5-9DEDAC53FD2A}.Debug|x64.Build.0 = Debug|Any CPU
		{02863642-9DA5-49C5-B4B5-9DEDAC53FD2A}.Debug|x86.ActiveCfg = Debug|Any CPU
		{02863642-9DA5-49C5-B4B5-9DEDAC53FD2A}.Debug|x86.Build.0 = Debug|Any CPU
		{02863642-9DA5-49C5-B4B5-9DEDAC53FD2A}.Release|Any CPU.ActiveCfg = Release|Any CPU
		{02863642-9DA5-49C5-B4B5-9DEDAC53FD2A}.Release|Any CPU.Build.0 = Release|Any CPU
		{02863642-9DA5-49C5-B4B5-9DEDAC53FD2A}.Release|x64.ActiveCfg = Release|Any CPU
		{02863642-9DA5-49C5-B4B5-9DEDAC53FD2A}.Release|x64.Build.0 = Release|Any CPU
		{02863642-9DA5-49C5-B4B5-9DEDAC53FD2A}.Release|x86.ActiveCfg = Release|Any CPU
		{02863642-9DA5-49C5-B4B5-9DEDAC53FD2A}.Release|x86.Build.0 = Release|Any CPU
		{7A880CAC-0163-458A-B82F-AA80E3AA490F}.Debug|Any CPU.ActiveCfg = Debug|Any CPU
		{7A880CAC-0163-458A-B82F-AA80E3AA490F}.Debug|Any CPU.Build.0 = Debug|Any CPU
		{7A880CAC-0163-458A-B82F-AA80E3AA490F}.Debug|x64.ActiveCfg = Debug|Any CPU
		{7A880CAC-0163-458A-B82F-AA80E3AA490F}.Debug|x64.Build.0 = Debug|Any CPU
		{7A880CAC-0163-458A-B82F-AA80E3AA490F}.Debug|x86.ActiveCfg = Debug|Any CPU
		{7A880CAC-0163-458A-B82F-AA80E3AA490F}.Debug|x86.Build.0 = Debug|Any CPU
		{7A880CAC-0163-458A-B82F-AA80E3AA490F}.Release|Any CPU.ActiveCfg = Release|Any CPU
		{7A880CAC-0163-458A-B82F-AA80E3AA490F}.Release|Any CPU.Build.0 = Release|Any CPU
		{7A880CAC-0163-458A-B82F-AA80E3AA490F}.Release|x64.ActiveCfg = Release|Any CPU
		{7A880CAC-0163-458A-B82F-AA80E3AA490F}.Release|x64.Build.0 = Release|Any CPU
		{7A880CAC-0163-458A-B82F-AA80E3AA490F}.Release|x86.ActiveCfg = Release|Any CPU
		{7A880CAC-0163-458A-B82F-AA80E3AA490F}.Release|x86.Build.0 = Release|Any CPU
		{8880F433-2688-4FBE-BCFD-C69BA8E853F9}.Debug|Any CPU.ActiveCfg = Debug|Any CPU
		{8880F433-2688-4FBE-BCFD-C69BA8E853F9}.Debug|Any CPU.Build.0 = Debug|Any CPU
		{8880F433-2688-4FBE-BCFD-C69BA8E853F9}.Debug|x64.ActiveCfg = Debug|Any CPU
		{8880F433-2688-4FBE-BCFD-C69BA8E853F9}.Debug|x64.Build.0 = Debug|Any CPU
		{8880F433-2688-4FBE-BCFD-C69BA8E853F9}.Debug|x86.ActiveCfg = Debug|Any CPU
		{8880F433-2688-4FBE-BCFD-C69BA8E853F9}.Debug|x86.Build.0 = Debug|Any CPU
		{8880F433-2688-4FBE-BCFD-C69BA8E853F9}.Release|Any CPU.ActiveCfg = Release|Any CPU
		{8880F433-2688-4FBE-BCFD-C69BA8E853F9}.Release|Any CPU.Build.0 = Release|Any CPU
		{8880F433-2688-4FBE-BCFD-C69BA8E853F9}.Release|x64.ActiveCfg = Release|Any CPU
		{8880F433-2688-4FBE-BCFD-C69BA8E853F9}.Release|x64.Build.0 = Release|Any CPU
		{8880F433-2688-4FBE-BCFD-C69BA8E853F9}.Release|x86.ActiveCfg = Release|Any CPU
		{8880F433-2688-4FBE-BCFD-C69BA8E853F9}.Release|x86.Build.0 = Release|Any CPU
		{11DECB23-E3AE-49BC-B52D-8365619DCCF0}.Debug|Any CPU.ActiveCfg = Debug|Any CPU
		{11DECB23-E3AE-49BC-B52D-8365619DCCF0}.Debug|Any CPU.Build.0 = Debug|Any CPU
		{11DECB23-E3AE-49BC-B52D-8365619DCCF0}.Debug|x64.ActiveCfg = Debug|Any CPU
		{11DECB23-E3AE-49BC-B52D-8365619DCCF0}.Debug|x64.Build.0 = Debug|Any CPU
		{11DECB23-E3AE-49BC-B52D-8365619DCCF0}.Debug|x86.ActiveCfg = Debug|Any CPU
		{11DECB23-E3AE-49BC-B52D-8365619DCCF0}.Debug|x86.Build.0 = Debug|Any CPU
		{11DECB23-E3AE-49BC-B52D-8365619DCCF0}.Release|Any CPU.ActiveCfg = Release|Any CPU
		{11DECB23-E3AE-49BC-B52D-8365619DCCF0}.Release|Any CPU.Build.0 = Release|Any CPU
		{11DECB23-E3AE-49BC-B52D-8365619DCCF0}.Release|x64.ActiveCfg = Release|Any CPU
		{11DECB23-E3AE-49BC-B52D-8365619DCCF0}.Release|x64.Build.0 = Release|Any CPU
		{11DECB23-E3AE-49BC-B52D-8365619DCCF0}.Release|x86.ActiveCfg = Release|Any CPU
		{11DECB23-E3AE-49BC-B52D-8365619DCCF0}.Release|x86.Build.0 = Release|Any CPU
		{E5D36F66-824F-436F-8F2F-13AB65B67B0C}.Debug|Any CPU.ActiveCfg = Debug|Any CPU
		{E5D36F66-824F-436F-8F2F-13AB65B67B0C}.Debug|Any CPU.Build.0 = Debug|Any CPU
		{E5D36F66-824F-436F-8F2F-13AB65B67B0C}.Debug|x64.ActiveCfg = Debug|Any CPU
		{E5D36F66-824F-436F-8F2F-13AB65B67B0C}.Debug|x64.Build.0 = Debug|Any CPU
		{E5D36F66-824F-436F-8F2F-13AB65B67B0C}.Debug|x86.ActiveCfg = Debug|Any CPU
		{E5D36F66-824F-436F-8F2F-13AB65B67B0C}.Debug|x86.Build.0 = Debug|Any CPU
		{E5D36F66-824F-436F-8F2F-13AB65B67B0C}.Release|Any CPU.ActiveCfg = Release|Any CPU
		{E5D36F66-824F-436F-8F2F-13AB65B67B0C}.Release|Any CPU.Build.0 = Release|Any CPU
		{E5D36F66-824F-436F-8F2F-13AB65B67B0C}.Release|x64.ActiveCfg = Release|Any CPU
		{E5D36F66-824F-436F-8F2F-13AB65B67B0C}.Release|x64.Build.0 = Release|Any CPU
		{E5D36F66-824F-436F-8F2F-13AB65B67B0C}.Release|x86.ActiveCfg = Release|Any CPU
		{E5D36F66-824F-436F-8F2F-13AB65B67B0C}.Release|x86.Build.0 = Release|Any CPU
		{7C09B2CE-23B1-4478-8A8F-A1C551426093}.Debug|Any CPU.ActiveCfg = Debug|Any CPU
		{7C09B2CE-23B1-4478-8A8F-A1C551426093}.Debug|Any CPU.Build.0 = Debug|Any CPU
		{7C09B2CE-23B1-4478-8A8F-A1C551426093}.Debug|x64.ActiveCfg = Debug|Any CPU
		{7C09B2CE-23B1-4478-8A8F-A1C551426093}.Debug|x64.Build.0 = Debug|Any CPU
		{7C09B2CE-23B1-4478-8A8F-A1C551426093}.Debug|x86.ActiveCfg = Debug|Any CPU
		{7C09B2CE-23B1-4478-8A8F-A1C551426093}.Debug|x86.Build.0 = Debug|Any CPU
		{7C09B2CE-23B1-4478-8A8F-A1C551426093}.Release|Any CPU.ActiveCfg = Release|Any CPU
		{7C09B2CE-23B1-4478-8A8F-A1C551426093}.Release|Any CPU.Build.0 = Release|Any CPU
		{7C09B2CE-23B1-4478-8A8F-A1C551426093}.Release|x64.ActiveCfg = Release|Any CPU
		{7C09B2CE-23B1-4478-8A8F-A1C551426093}.Release|x64.Build.0 = Release|Any CPU
		{7C09B2CE-23B1-4478-8A8F-A1C551426093}.Release|x86.ActiveCfg = Release|Any CPU
		{7C09B2CE-23B1-4478-8A8F-A1C551426093}.Release|x86.Build.0 = Release|Any CPU
		{5854D9E4-0DE5-4551-9B88-73AE3FA4E936}.Debug|Any CPU.ActiveCfg = Debug|Any CPU
		{5854D9E4-0DE5-4551-9B88-73AE3FA4E936}.Debug|Any CPU.Build.0 = Debug|Any CPU
		{5854D9E4-0DE5-4551-9B88-73AE3FA4E936}.Debug|x64.ActiveCfg = Debug|Any CPU
		{5854D9E4-0DE5-4551-9B88-73AE3FA4E936}.Debug|x64.Build.0 = Debug|Any CPU
		{5854D9E4-0DE5-4551-9B88-73AE3FA4E936}.Debug|x86.ActiveCfg = Debug|Any CPU
		{5854D9E4-0DE5-4551-9B88-73AE3FA4E936}.Debug|x86.Build.0 = Debug|Any CPU
		{5854D9E4-0DE5-4551-9B88-73AE3FA4E936}.Release|Any CPU.ActiveCfg = Release|Any CPU
		{5854D9E4-0DE5-4551-9B88-73AE3FA4E936}.Release|Any CPU.Build.0 = Release|Any CPU
		{5854D9E4-0DE5-4551-9B88-73AE3FA4E936}.Release|x64.ActiveCfg = Release|Any CPU
		{5854D9E4-0DE5-4551-9B88-73AE3FA4E936}.Release|x64.Build.0 = Release|Any CPU
		{5854D9E4-0DE5-4551-9B88-73AE3FA4E936}.Release|x86.ActiveCfg = Release|Any CPU
		{5854D9E4-0DE5-4551-9B88-73AE3FA4E936}.Release|x86.Build.0 = Release|Any CPU
		{4754E4A2-9AA0-4FC5-9E78-D145D82BD3BE}.Debug|Any CPU.ActiveCfg = Debug|Any CPU
		{4754E4A2-9AA0-4FC5-9E78-D145D82BD3BE}.Debug|Any CPU.Build.0 = Debug|Any CPU
		{4754E4A2-9AA0-4FC5-9E78-D145D82BD3BE}.Debug|x64.ActiveCfg = Debug|Any CPU
		{4754E4A2-9AA0-4FC5-9E78-D145D82BD3BE}.Debug|x64.Build.0 = Debug|Any CPU
		{4754E4A2-9AA0-4FC5-9E78-D145D82BD3BE}.Debug|x86.ActiveCfg = Debug|Any CPU
		{4754E4A2-9AA0-4FC5-9E78-D145D82BD3BE}.Debug|x86.Build.0 = Debug|Any CPU
		{4754E4A2-9AA0-4FC5-9E78-D145D82BD3BE}.Release|Any CPU.ActiveCfg = Release|Any CPU
		{4754E4A2-9AA0-4FC5-9E78-D145D82BD3BE}.Release|Any CPU.Build.0 = Release|Any CPU
		{4754E4A2-9AA0-4FC5-9E78-D145D82BD3BE}.Release|x64.ActiveCfg = Release|Any CPU
		{4754E4A2-9AA0-4FC5-9E78-D145D82BD3BE}.Release|x64.Build.0 = Release|Any CPU
		{4754E4A2-9AA0-4FC5-9E78-D145D82BD3BE}.Release|x86.ActiveCfg = Release|Any CPU
		{4754E4A2-9AA0-4FC5-9E78-D145D82BD3BE}.Release|x86.Build.0 = Release|Any CPU
		{B1785D6C-F57B-49A5-BE05-D459F1EA7163}.Debug|Any CPU.ActiveCfg = Debug|Any CPU
		{B1785D6C-F57B-49A5-BE05-D459F1EA7163}.Debug|Any CPU.Build.0 = Debug|Any CPU
		{B1785D6C-F57B-49A5-BE05-D459F1EA7163}.Debug|x64.ActiveCfg = Debug|Any CPU
		{B1785D6C-F57B-49A5-BE05-D459F1EA7163}.Debug|x64.Build.0 = Debug|Any CPU
		{B1785D6C-F57B-49A5-BE05-D459F1EA7163}.Debug|x86.ActiveCfg = Debug|Any CPU
		{B1785D6C-F57B-49A5-BE05-D459F1EA7163}.Debug|x86.Build.0 = Debug|Any CPU
		{B1785D6C-F57B-49A5-BE05-D459F1EA7163}.Release|Any CPU.ActiveCfg = Release|Any CPU
		{B1785D6C-F57B-49A5-BE05-D459F1EA7163}.Release|Any CPU.Build.0 = Release|Any CPU
		{B1785D6C-F57B-49A5-BE05-D459F1EA7163}.Release|x64.ActiveCfg = Release|Any CPU
		{B1785D6C-F57B-49A5-BE05-D459F1EA7163}.Release|x64.Build.0 = Release|Any CPU
		{B1785D6C-F57B-49A5-BE05-D459F1EA7163}.Release|x86.ActiveCfg = Release|Any CPU
		{B1785D6C-F57B-49A5-BE05-D459F1EA7163}.Release|x86.Build.0 = Release|Any CPU
		{2C335060-70DC-473C-8D71-204CB750A2F0}.Debug|Any CPU.ActiveCfg = Debug|Any CPU
		{2C335060-70DC-473C-8D71-204CB750A2F0}.Debug|Any CPU.Build.0 = Debug|Any CPU
		{2C335060-70DC-473C-8D71-204CB750A2F0}.Debug|x64.ActiveCfg = Debug|Any CPU
		{2C335060-70DC-473C-8D71-204CB750A2F0}.Debug|x64.Build.0 = Debug|Any CPU
		{2C335060-70DC-473C-8D71-204CB750A2F0}.Debug|x86.ActiveCfg = Debug|Any CPU
		{2C335060-70DC-473C-8D71-204CB750A2F0}.Debug|x86.Build.0 = Debug|Any CPU
		{2C335060-70DC-473C-8D71-204CB750A2F0}.Release|Any CPU.ActiveCfg = Release|Any CPU
		{2C335060-70DC-473C-8D71-204CB750A2F0}.Release|Any CPU.Build.0 = Release|Any CPU
		{2C335060-70DC-473C-8D71-204CB750A2F0}.Release|x64.ActiveCfg = Release|Any CPU
		{2C335060-70DC-473C-8D71-204CB750A2F0}.Release|x64.Build.0 = Release|Any CPU
		{2C335060-70DC-473C-8D71-204CB750A2F0}.Release|x86.ActiveCfg = Release|Any CPU
		{2C335060-70DC-473C-8D71-204CB750A2F0}.Release|x86.Build.0 = Release|Any CPU
		{43837109-3F4A-4EC4-8A4A-15C279C50600}.Debug|Any CPU.ActiveCfg = Debug|Any CPU
		{43837109-3F4A-4EC4-8A4A-15C279C50600}.Debug|Any CPU.Build.0 = Debug|Any CPU
		{43837109-3F4A-4EC4-8A4A-15C279C50600}.Debug|x64.ActiveCfg = Debug|Any CPU
		{43837109-3F4A-4EC4-8A4A-15C279C50600}.Debug|x64.Build.0 = Debug|Any CPU
		{43837109-3F4A-4EC4-8A4A-15C279C50600}.Debug|x86.ActiveCfg = Debug|Any CPU
		{43837109-3F4A-4EC4-8A4A-15C279C50600}.Debug|x86.Build.0 = Debug|Any CPU
		{43837109-3F4A-4EC4-8A4A-15C279C50600}.Release|Any CPU.ActiveCfg = Release|Any CPU
		{43837109-3F4A-4EC4-8A4A-15C279C50600}.Release|Any CPU.Build.0 = Release|Any CPU
		{43837109-3F4A-4EC4-8A4A-15C279C50600}.Release|x64.ActiveCfg = Release|Any CPU
		{43837109-3F4A-4EC4-8A4A-15C279C50600}.Release|x64.Build.0 = Release|Any CPU
		{43837109-3F4A-4EC4-8A4A-15C279C50600}.Release|x86.ActiveCfg = Release|Any CPU
		{43837109-3F4A-4EC4-8A4A-15C279C50600}.Release|x86.Build.0 = Release|Any CPU
		{EDA91A1E-9BD1-45D9-AB6C-20D68F07A957}.Debug|Any CPU.ActiveCfg = Debug|Any CPU
		{EDA91A1E-9BD1-45D9-AB6C-20D68F07A957}.Debug|Any CPU.Build.0 = Debug|Any CPU
		{EDA91A1E-9BD1-45D9-AB6C-20D68F07A957}.Debug|x64.ActiveCfg = Debug|Any CPU
		{EDA91A1E-9BD1-45D9-AB6C-20D68F07A957}.Debug|x64.Build.0 = Debug|Any CPU
		{EDA91A1E-9BD1-45D9-AB6C-20D68F07A957}.Debug|x86.ActiveCfg = Debug|Any CPU
		{EDA91A1E-9BD1-45D9-AB6C-20D68F07A957}.Debug|x86.Build.0 = Debug|Any CPU
		{EDA91A1E-9BD1-45D9-AB6C-20D68F07A957}.Release|Any CPU.ActiveCfg = Release|Any CPU
		{EDA91A1E-9BD1-45D9-AB6C-20D68F07A957}.Release|Any CPU.Build.0 = Release|Any CPU
		{EDA91A1E-9BD1-45D9-AB6C-20D68F07A957}.Release|x64.ActiveCfg = Release|Any CPU
		{EDA91A1E-9BD1-45D9-AB6C-20D68F07A957}.Release|x64.Build.0 = Release|Any CPU
		{EDA91A1E-9BD1-45D9-AB6C-20D68F07A957}.Release|x86.ActiveCfg = Release|Any CPU
		{EDA91A1E-9BD1-45D9-AB6C-20D68F07A957}.Release|x86.Build.0 = Release|Any CPU
		{58540967-D712-4CB1-A484-8DD629227EAA}.Debug|Any CPU.ActiveCfg = Debug|Any CPU
		{58540967-D712-4CB1-A484-8DD629227EAA}.Debug|Any CPU.Build.0 = Debug|Any CPU
		{58540967-D712-4CB1-A484-8DD629227EAA}.Debug|x64.ActiveCfg = Debug|Any CPU
		{58540967-D712-4CB1-A484-8DD629227EAA}.Debug|x64.Build.0 = Debug|Any CPU
		{58540967-D712-4CB1-A484-8DD629227EAA}.Debug|x86.ActiveCfg = Debug|Any CPU
		{58540967-D712-4CB1-A484-8DD629227EAA}.Debug|x86.Build.0 = Debug|Any CPU
		{58540967-D712-4CB1-A484-8DD629227EAA}.Release|Any CPU.ActiveCfg = Release|Any CPU
		{58540967-D712-4CB1-A484-8DD629227EAA}.Release|Any CPU.Build.0 = Release|Any CPU
		{58540967-D712-4CB1-A484-8DD629227EAA}.Release|x64.ActiveCfg = Release|Any CPU
		{58540967-D712-4CB1-A484-8DD629227EAA}.Release|x64.Build.0 = Release|Any CPU
		{58540967-D712-4CB1-A484-8DD629227EAA}.Release|x86.ActiveCfg = Release|Any CPU
		{58540967-D712-4CB1-A484-8DD629227EAA}.Release|x86.Build.0 = Release|Any CPU
		{AA6F845F-7B67-448D-9FFE-2B272B66D32E}.Debug|Any CPU.ActiveCfg = Debug|Any CPU
		{AA6F845F-7B67-448D-9FFE-2B272B66D32E}.Debug|Any CPU.Build.0 = Debug|Any CPU
		{AA6F845F-7B67-448D-9FFE-2B272B66D32E}.Debug|x64.ActiveCfg = Debug|Any CPU
		{AA6F845F-7B67-448D-9FFE-2B272B66D32E}.Debug|x64.Build.0 = Debug|Any CPU
		{AA6F845F-7B67-448D-9FFE-2B272B66D32E}.Debug|x86.ActiveCfg = Debug|Any CPU
		{AA6F845F-7B67-448D-9FFE-2B272B66D32E}.Debug|x86.Build.0 = Debug|Any CPU
		{AA6F845F-7B67-448D-9FFE-2B272B66D32E}.Release|Any CPU.ActiveCfg = Release|Any CPU
		{AA6F845F-7B67-448D-9FFE-2B272B66D32E}.Release|Any CPU.Build.0 = Release|Any CPU
		{AA6F845F-7B67-448D-9FFE-2B272B66D32E}.Release|x64.ActiveCfg = Release|Any CPU
		{AA6F845F-7B67-448D-9FFE-2B272B66D32E}.Release|x64.Build.0 = Release|Any CPU
		{AA6F845F-7B67-448D-9FFE-2B272B66D32E}.Release|x86.ActiveCfg = Release|Any CPU
		{AA6F845F-7B67-448D-9FFE-2B272B66D32E}.Release|x86.Build.0 = Release|Any CPU
		{01D06A5F-FAB0-42E4-BA06-2AA97F8B2CA7}.Debug|Any CPU.ActiveCfg = Debug|Any CPU
		{01D06A5F-FAB0-42E4-BA06-2AA97F8B2CA7}.Debug|Any CPU.Build.0 = Debug|Any CPU
		{01D06A5F-FAB0-42E4-BA06-2AA97F8B2CA7}.Debug|x64.ActiveCfg = Debug|Any CPU
		{01D06A5F-FAB0-42E4-BA06-2AA97F8B2CA7}.Debug|x64.Build.0 = Debug|Any CPU
		{01D06A5F-FAB0-42E4-BA06-2AA97F8B2CA7}.Debug|x86.ActiveCfg = Debug|Any CPU
		{01D06A5F-FAB0-42E4-BA06-2AA97F8B2CA7}.Debug|x86.Build.0 = Debug|Any CPU
		{01D06A5F-FAB0-42E4-BA06-2AA97F8B2CA7}.Release|Any CPU.ActiveCfg = Release|Any CPU
		{01D06A5F-FAB0-42E4-BA06-2AA97F8B2CA7}.Release|Any CPU.Build.0 = Release|Any CPU
		{01D06A5F-FAB0-42E4-BA06-2AA97F8B2CA7}.Release|x64.ActiveCfg = Release|Any CPU
		{01D06A5F-FAB0-42E4-BA06-2AA97F8B2CA7}.Release|x64.Build.0 = Release|Any CPU
		{01D06A5F-FAB0-42E4-BA06-2AA97F8B2CA7}.Release|x86.ActiveCfg = Release|Any CPU
		{01D06A5F-FAB0-42E4-BA06-2AA97F8B2CA7}.Release|x86.Build.0 = Release|Any CPU
		{F611B413-7B04-442F-B19C-7FB44A7C063E}.Debug|Any CPU.ActiveCfg = Debug|Any CPU
		{F611B413-7B04-442F-B19C-7FB44A7C063E}.Debug|Any CPU.Build.0 = Debug|Any CPU
		{F611B413-7B04-442F-B19C-7FB44A7C063E}.Debug|x64.ActiveCfg = Debug|Any CPU
		{F611B413-7B04-442F-B19C-7FB44A7C063E}.Debug|x64.Build.0 = Debug|Any CPU
		{F611B413-7B04-442F-B19C-7FB44A7C063E}.Debug|x86.ActiveCfg = Debug|Any CPU
		{F611B413-7B04-442F-B19C-7FB44A7C063E}.Debug|x86.Build.0 = Debug|Any CPU
		{F611B413-7B04-442F-B19C-7FB44A7C063E}.Release|Any CPU.ActiveCfg = Release|Any CPU
		{F611B413-7B04-442F-B19C-7FB44A7C063E}.Release|Any CPU.Build.0 = Release|Any CPU
		{F611B413-7B04-442F-B19C-7FB44A7C063E}.Release|x64.ActiveCfg = Release|Any CPU
		{F611B413-7B04-442F-B19C-7FB44A7C063E}.Release|x64.Build.0 = Release|Any CPU
		{F611B413-7B04-442F-B19C-7FB44A7C063E}.Release|x86.ActiveCfg = Release|Any CPU
		{F611B413-7B04-442F-B19C-7FB44A7C063E}.Release|x86.Build.0 = Release|Any CPU
	EndGlobalSection
	GlobalSection(SolutionProperties) = preSolution
		HideSolutionNode = FALSE
	EndGlobalSection
	GlobalSection(NestedProjects) = preSolution
		{02863642-9DA5-49C5-B4B5-9DEDAC53FD2A} = {7266C4A9-E384-DC00-0EB6-47F6002CFBA7}
		{7A880CAC-0163-458A-B82F-AA80E3AA490F} = {7266C4A9-E384-DC00-0EB6-47F6002CFBA7}
		{8880F433-2688-4FBE-BCFD-C69BA8E853F9} = {5854FF58-B8C5-05C6-5BF2-ACE42193F22B}
		{11DECB23-E3AE-49BC-B52D-8365619DCCF0} = {5854FF58-B8C5-05C6-5BF2-ACE42193F22B}
		{E5D36F66-824F-436F-8F2F-13AB65B67B0C} = {5854FF58-B8C5-05C6-5BF2-ACE42193F22B}
		{7C09B2CE-23B1-4478-8A8F-A1C551426093} = {5854FF58-B8C5-05C6-5BF2-ACE42193F22B}
		{5854D9E4-0DE5-4551-9B88-73AE3FA4E936} = {5854FF58-B8C5-05C6-5BF2-ACE42193F22B}
		{4754E4A2-9AA0-4FC5-9E78-D145D82BD3BE} = {5854FF58-B8C5-05C6-5BF2-ACE42193F22B}
		{B1785D6C-F57B-49A5-BE05-D459F1EA7163} = {E7BDDBC6-9FD1-D1D7-ACD8-2C4F8E3D2461}
		{394A81D9-3C45-9818-BB26-23F2B85056FF} = {0AB3BF05-4346-4AA6-1389-037BE0695223}
		{2C335060-70DC-473C-8D71-204CB750A2F0} = {394A81D9-3C45-9818-BB26-23F2B85056FF}
		{43837109-3F4A-4EC4-8A4A-15C279C50600} = {394A81D9-3C45-9818-BB26-23F2B85056FF}
		{EDA91A1E-9BD1-45D9-AB6C-20D68F07A957} = {394A81D9-3C45-9818-BB26-23F2B85056FF}
		{58540967-D712-4CB1-A484-8DD629227EAA} = {394A81D9-3C45-9818-BB26-23F2B85056FF}
		{AA6F845F-7B67-448D-9FFE-2B272B66D32E} = {394A81D9-3C45-9818-BB26-23F2B85056FF}
		{01D06A5F-FAB0-42E4-BA06-2AA97F8B2CA7} = {394A81D9-3C45-9818-BB26-23F2B85056FF}
		{30785934-E017-5D9F-2777-3D61460A5281} = {0AB3BF05-4346-4AA6-1389-037BE0695223}
		{F611B413-7B04-442F-B19C-7FB44A7C063E} = {30785934-E017-5D9F-2777-3D61460A5281}
	EndGlobalSection
EndGlobal
